
Microsoft Visual Studio Solution File, Format Version 12.00
# Visual Studio Version 16
VisualStudioVersion = 16.0.32106.194
MinimumVisualStudioVersion = 10.0.40219.1
Project("{FAE04EC0-301F-11D3-BF4B-00C04F79EFBC}") = "FicticiaSA", "FicticiaSA\FicticiaSA.csproj", "{1FBC8572-3164-47E2-9FC5-D549F78E23EA}"
EndProject
Project("{FAE04EC0-301F-11D3-BF4B-00C04F79EFBC}") = "Data", "Data\Data.csproj", "{4493D7C3-BB10-4FDE-8C83-2998A1FFF2EE}"
EndProject
Project("{FAE04EC0-301F-11D3-BF4B-00C04F79EFBC}") = "Business", "Business\Business.csproj", "{0BE515F8-855B-453F-9A64-89840BA4562E}"
EndProject
Project("{FAE04EC0-301F-11D3-BF4B-00C04F79EFBC}") = "Entity", "Entity\Entity.csproj", "{EC96C561-2E3D-4D28-97B9-59B1B3BB2F0F}"
EndProject
Global
	GlobalSection(SolutionConfigurationPlatforms) = preSolution
		Debug|Any CPU = Debug|Any CPU
		Release|Any CPU = Release|Any CPU
	EndGlobalSection
	GlobalSection(ProjectConfigurationPlatforms) = postSolution
		{1FBC8572-3164-47E2-9FC5-D549F78E23EA}.Debug|Any CPU.ActiveCfg = Debug|Any CPU
		{1FBC8572-3164-47E2-9FC5-D549F78E23EA}.Debug|Any CPU.Build.0 = Debug|Any CPU
		{1FBC8572-3164-47E2-9FC5-D549F78E23EA}.Release|Any CPU.ActiveCfg = Release|Any CPU
		{1FBC8572-3164-47E2-9FC5-D549F78E23EA}.Release|Any CPU.Build.0 = Release|Any CPU
		{4493D7C3-BB10-4FDE-8C83-2998A1FFF2EE}.Debug|Any CPU.ActiveCfg = Debug|Any CPU
		{4493D7C3-BB10-4FDE-8C83-2998A1FFF2EE}.Debug|Any CPU.Build.0 = Debug|Any CPU
		{4493D7C3-BB10-4FDE-8C83-2998A1FFF2EE}.Release|Any CPU.ActiveCfg = Release|Any CPU
		{4493D7C3-BB10-4FDE-8C83-2998A1FFF2EE}.Release|Any CPU.Build.0 = Release|Any CPU
		{0BE515F8-855B-453F-9A64-89840BA4562E}.Debug|Any CPU.ActiveCfg = Debug|Any CPU
		{0BE515F8-855B-453F-9A64-89840BA4562E}.Debug|Any CPU.Build.0 = Debug|Any CPU
		{0BE515F8-855B-453F-9A64-89840BA4562E}.Release|Any CPU.ActiveCfg = Release|Any CPU
		{0BE515F8-855B-453F-9A64-89840BA4562E}.Release|Any CPU.Build.0 = Release|Any CPU
		{EC96C561-2E3D-4D28-97B9-59B1B3BB2F0F}.Debug|Any CPU.ActiveCfg = Debug|Any CPU
		{EC96C561-2E3D-4D28-97B9-59B1B3BB2F0F}.Debug|Any CPU.Build.0 = Debug|Any CPU
		{EC96C561-2E3D-4D28-97B9-59B1B3BB2F0F}.Release|Any CPU.ActiveCfg = Release|Any CPU
		{EC96C561-2E3D-4D28-97B9-59B1B3BB2F0F}.Release|Any CPU.Build.0 = Release|Any CPU
	EndGlobalSection
	GlobalSection(SolutionProperties) = preSolution
		HideSolutionNode = FALSE
	EndGlobalSection
	GlobalSection(ExtensibilityGlobals) = postSolution
		SolutionGuid = {A8703D0C-A53E-4F5E-85FA-CB6DF56DACD6}
	EndGlobalSection
EndGlobal
